
Microsoft Visual Studio Solution File, Format Version 12.00
# Visual Studio Version 17
VisualStudioVersion = 17.10.34928.147
MinimumVisualStudioVersion = 10.0.40219.1
Project("{FAE04EC0-301F-11D3-BF4B-00C04F79EFBC}") = "PersonalBlazorWASM", "PersonalBlazorWASM\PersonalBlazorWASM.csproj", "{663C1705-39CB-466E-BBD7-A326073CFD8E}"
EndProject
Global
	GlobalSection(SolutionConfigurationPlatforms) = preSolution
		Debug|Any CPU = Debug|Any CPU
		Release|Any CPU = Release|Any CPU
	EndGlobalSection
	GlobalSection(ProjectConfigurationPlatforms) = postSolution
		{663C1705-39CB-466E-BBD7-A326073CFD8E}.Debug|Any CPU.ActiveCfg = Debug|Any CPU
		{663C1705-39CB-466E-BBD7-A326073CFD8E}.Debug|Any CPU.Build.0 = Debug|Any CPU
		{663C1705-39CB-466E-BBD7-A326073CFD8E}.Release|Any CPU.ActiveCfg = Release|Any CPU
		{663C1705-39CB-466E-BBD7-A326073CFD8E}.Release|Any CPU.Build.0 = Release|Any CPU
	EndGlobalSection
	GlobalSection(SolutionProperties) = preSolution
		HideSolutionNode = FALSE
	EndGlobalSection
	GlobalSection(ExtensibilityGlobals) = postSolution
		SolutionGuid = {35F4D0F2-6FCA-4DAE-AD63-4821B64D8168}
	EndGlobalSection
EndGlobal
